
Microsoft Visual Studio Solution File, Format Version 12.00
# Visual Studio 2012
Project("{FAE04EC0-301F-11D3-BF4B-00C04F79EFBC}") = "EventLogClearer", "EventLogClearer\EventLogClearer.csproj", "{15CD9306-B560-40D5-9CA9-68EC8B3C631A}"
EndProject
Global
	GlobalSection(SolutionConfigurationPlatforms) = preSolution
		Debug|Any CPU = Debug|Any CPU
		Release|Any CPU = Release|Any CPU
	EndGlobalSection
	GlobalSection(ProjectConfigurationPlatforms) = postSolution
		{15CD9306-B560-40D5-9CA9-68EC8B3C631A}.Debug|Any CPU.ActiveCfg = Debug|Any CPU
		{15CD9306-B560-40D5-9CA9-68EC8B3C631A}.Debug|Any CPU.Build.0 = Debug|Any CPU
		{15CD9306-B560-40D5-9CA9-68EC8B3C631A}.Release|Any CPU.ActiveCfg = Release|Any CPU
		{15CD9306-B560-40D5-9CA9-68EC8B3C631A}.Release|Any CPU.Build.0 = Release|Any CPU
	EndGlobalSection
	GlobalSection(SolutionProperties) = preSolution
		HideSolutionNode = FALSE
	EndGlobalSection
EndGlobal
